// !$*UTF8*$!
{
	archiveVersion = 1;
	classes = {
	};
	objectVersion = 51;
	objects = {

/* Begin PBXBuildFile section */
		231D88C0260687F60092EA90 /* WeatherDetail.swift in Sources */ = {isa = PBXBuildFile; fileRef = 231D88BF260687F60092EA90 /* WeatherDetail.swift */; };
		232F889626042B0E00D43366 /* AppDelegate.swift in Sources */ = {isa = PBXBuildFile; fileRef = 232F889526042B0E00D43366 /* AppDelegate.swift */; };
		232F889826042B0E00D43366 /* SceneDelegate.swift in Sources */ = {isa = PBXBuildFile; fileRef = 232F889726042B0E00D43366 /* SceneDelegate.swift */; };
		232F889A26042B0E00D43366 /* LocationListViewController.swift in Sources */ = {isa = PBXBuildFile; fileRef = 232F889926042B0E00D43366 /* LocationListViewController.swift */; };
		232F889D26042B0E00D43366 /* Main.storyboard in Resources */ = {isa = PBXBuildFile; fileRef = 232F889B26042B0E00D43366 /* Main.storyboard */; };
		232F889F26042B0F00D43366 /* Assets.xcassets in Resources */ = {isa = PBXBuildFile; fileRef = 232F889E26042B0F00D43366 /* Assets.xcassets */; };
		232F88A226042B0F00D43366 /* LaunchScreen.storyboard in Resources */ = {isa = PBXBuildFile; fileRef = 232F88A026042B0F00D43366 /* LaunchScreen.storyboard */; };
		232F88AD26042B0F00D43366 /* WeatherGiftTests.swift in Sources */ = {isa = PBXBuildFile; fileRef = 232F88AC26042B0F00D43366 /* WeatherGiftTests.swift */; };
		232F88B826042B0F00D43366 /* WeatherGiftUITests.swift in Sources */ = {isa = PBXBuildFile; fileRef = 232F88B726042B0F00D43366 /* WeatherGiftUITests.swift */; };
		232F88C926042B2700D43366 /* WeatherLocation.swift in Sources */ = {isa = PBXBuildFile; fileRef = 232F88C826042B2700D43366 /* WeatherLocation.swift */; };
		238F0510260451EA00806E1D /* LocationDetailViewController.swift in Sources */ = {isa = PBXBuildFile; fileRef = 238F050F260451EA00806E1D /* LocationDetailViewController.swift */; };
		238F0515260562A400806E1D /* PageViewController.swift in Sources */ = {isa = PBXBuildFile; fileRef = 238F0514260562A400806E1D /* PageViewController.swift */; };
		23931E8A260C51760021B41B /* APIKeys.swift in Sources */ = {isa = PBXBuildFile; fileRef = 23931E89260C51760021B41B /* APIKeys.swift */; };
		23931ECF260C5AC30021B41B /* DailyTableViewCell.swift in Sources */ = {isa = PBXBuildFile; fileRef = 23931ECE260C5AC30021B41B /* DailyTableViewCell.swift */; };
		23E96496260D0C6A00696006 /* HourlyCollectionViewCell.swift in Sources */ = {isa = PBXBuildFile; fileRef = 23E96495260D0C6A00696006 /* HourlyCollectionViewCell.swift */; };
		23E964A3260D352B00696006 /* UIViewController+alert.swift in Sources */ = {isa = PBXBuildFile; fileRef = 23E964A2260D352B00696006 /* UIViewController+alert.swift */; };
		23E964B0260D440F00696006 /* AboutViewController.swift in Sources */ = {isa = PBXBuildFile; fileRef = 23E964AF260D440F00696006 /* AboutViewController.swift */; };
		3BE3342CBF007C2B7A5BB6FC /* libPods-WeatherGift.a in Frameworks */ = {isa = PBXBuildFile; fileRef = EA3DAC4D8620E1E39D94C64B /* libPods-WeatherGift.a */; };
		9918C58BDBC661497D5BD3D7 /* libPods-WeatherGift-WeatherGiftUITests.a in Frameworks */ = {isa = PBXBuildFile; fileRef = D9A44617A5234F0BAECB1BBA /* libPods-WeatherGift-WeatherGiftUITests.a */; };
		F3FAB8391F0F93CA2FAACBD1 /* libPods-WeatherGiftTests.a in Frameworks */ = {isa = PBXBuildFile; fileRef = 9BFB9267B91B19B29C1932F6 /* libPods-WeatherGiftTests.a */; };
/* End PBXBuildFile section */

/* Begin PBXContainerItemProxy section */
		232F88A926042B0F00D43366 /* PBXContainerItemProxy */ = {
			isa = PBXContainerItemProxy;
			containerPortal = 232F888A26042B0E00D43366 /* Project object */;
			proxyType = 1;
			remoteGlobalIDString = 232F889126042B0E00D43366;
			remoteInfo = WeatherGift;
		};
		232F88B426042B0F00D43366 /* PBXContainerItemProxy */ = {
			isa = PBXContainerItemProxy;
			containerPortal = 232F888A26042B0E00D43366 /* Project object */;
			proxyType = 1;
			remoteGlobalIDString = 232F889126042B0E00D43366;
			remoteInfo = WeatherGift;
		};
/* End PBXContainerItemProxy section */

/* Begin PBXFileReference section */
		231D88BF260687F60092EA90 /* WeatherDetail.swift */ = {isa = PBXFileReference; lastKnownFileType = sourcecode.swift; path = WeatherDetail.swift; sourceTree = "<group>"; };
		232F889226042B0E00D43366 /* WeatherGift.app */ = {isa = PBXFileReference; explicitFileType = wrapper.application; includeInIndex = 0; path = WeatherGift.app; sourceTree = BUILT_PRODUCTS_DIR; };
		232F889526042B0E00D43366 /* AppDelegate.swift */ = {isa = PBXFileReference; lastKnownFileType = sourcecode.swift; path = AppDelegate.swift; sourceTree = "<group>"; };
		232F889726042B0E00D43366 /* SceneDelegate.swift */ = {isa = PBXFileReference; lastKnownFileType = sourcecode.swift; path = SceneDelegate.swift; sourceTree = "<group>"; };
		232F889926042B0E00D43366 /* LocationListViewController.swift */ = {isa = PBXFileReference; lastKnownFileType = sourcecode.swift; path = LocationListViewController.swift; sourceTree = "<group>"; };
		232F889C26042B0E00D43366 /* Base */ = {isa = PBXFileReference; lastKnownFileType = file.storyboard; name = Base; path = Base.lproj/Main.storyboard; sourceTree = "<group>"; };
		232F889E26042B0F00D43366 /* Assets.xcassets */ = {isa = PBXFileReference; lastKnownFileType = folder.assetcatalog; path = Assets.xcassets; sourceTree = "<group>"; };
		232F88A126042B0F00D43366 /* Base */ = {isa = PBXFileReference; lastKnownFileType = file.storyboard; name = Base; path = Base.lproj/LaunchScreen.storyboard; sourceTree = "<group>"; };
		232F88A326042B0F00D43366 /* Info.plist */ = {isa = PBXFileReference; lastKnownFileType = text.plist.xml; path = Info.plist; sourceTree = "<group>"; };
		232F88A826042B0F00D43366 /* WeatherGiftTests.xctest */ = {isa = PBXFileReference; explicitFileType = wrapper.cfbundle; includeInIndex = 0; path = WeatherGiftTests.xctest; sourceTree = BUILT_PRODUCTS_DIR; };
		232F88AC26042B0F00D43366 /* WeatherGiftTests.swift */ = {isa = PBXFileReference; lastKnownFileType = sourcecode.swift; path = WeatherGiftTests.swift; sourceTree = "<group>"; };
		232F88AE26042B0F00D43366 /* Info.plist */ = {isa = PBXFileReference; lastKnownFileType = text.plist.xml; path = Info.plist; sourceTree = "<group>"; };
		232F88B326042B0F00D43366 /* WeatherGiftUITests.xctest */ = {isa = PBXFileReference; explicitFileType = wrapper.cfbundle; includeInIndex = 0; path = WeatherGiftUITests.xctest; sourceTree = BUILT_PRODUCTS_DIR; };
		232F88B726042B0F00D43366 /* WeatherGiftUITests.swift */ = {isa = PBXFileReference; lastKnownFileType = sourcecode.swift; path = WeatherGiftUITests.swift; sourceTree = "<group>"; };
		232F88B926042B0F00D43366 /* Info.plist */ = {isa = PBXFileReference; lastKnownFileType = text.plist.xml; path = Info.plist; sourceTree = "<group>"; };
		232F88C826042B2700D43366 /* WeatherLocation.swift */ = {isa = PBXFileReference; lastKnownFileType = sourcecode.swift; path = WeatherLocation.swift; sourceTree = "<group>"; };
		238F050F260451EA00806E1D /* LocationDetailViewController.swift */ = {isa = PBXFileReference; lastKnownFileType = sourcecode.swift; path = LocationDetailViewController.swift; sourceTree = "<group>"; };
		238F0514260562A400806E1D /* PageViewController.swift */ = {isa = PBXFileReference; lastKnownFileType = sourcecode.swift; path = PageViewController.swift; sourceTree = "<group>"; };
		23931E89260C51760021B41B /* APIKeys.swift */ = {isa = PBXFileReference; lastKnownFileType = sourcecode.swift; path = APIKeys.swift; sourceTree = "<group>"; };
		23931ECE260C5AC30021B41B /* DailyTableViewCell.swift */ = {isa = PBXFileReference; lastKnownFileType = sourcecode.swift; path = DailyTableViewCell.swift; sourceTree = "<group>"; };
		23E96495260D0C6A00696006 /* HourlyCollectionViewCell.swift */ = {isa = PBXFileReference; lastKnownFileType = sourcecode.swift; path = HourlyCollectionViewCell.swift; sourceTree = "<group>"; };
		23E964A2260D352B00696006 /* UIViewController+alert.swift */ = {isa = PBXFileReference; fileEncoding = 4; lastKnownFileType = sourcecode.swift; path = "UIViewController+alert.swift"; sourceTree = "<group>"; };
		23E964AF260D440F00696006 /* AboutViewController.swift */ = {isa = PBXFileReference; lastKnownFileType = sourcecode.swift; path = AboutViewController.swift; sourceTree = "<group>"; };
		4A4766A70026773E4501DF95 /* Pods-WeatherGift.release.xcconfig */ = {isa = PBXFileReference; includeInIndex = 1; lastKnownFileType = text.xcconfig; name = "Pods-WeatherGift.release.xcconfig"; path = "Target Support Files/Pods-WeatherGift/Pods-WeatherGift.release.xcconfig"; sourceTree = "<group>"; };
		59C6ED5B5B23B44D7D877F0A /* Pods-WeatherGift-WeatherGiftUITests.debug.xcconfig */ = {isa = PBXFileReference; includeInIndex = 1; lastKnownFileType = text.xcconfig; name = "Pods-WeatherGift-WeatherGiftUITests.debug.xcconfig"; path = "Target Support Files/Pods-WeatherGift-WeatherGiftUITests/Pods-WeatherGift-WeatherGiftUITests.debug.xcconfig"; sourceTree = "<group>"; };
		742F93F3C2A60D0EAEF98C5A /* Pods-WeatherGiftTests.debug.xcconfig */ = {isa = PBXFileReference; includeInIndex = 1; lastKnownFileType = text.xcconfig; name = "Pods-WeatherGiftTests.debug.xcconfig"; path = "Target Support Files/Pods-WeatherGiftTests/Pods-WeatherGiftTests.debug.xcconfig"; sourceTree = "<group>"; };
		7F6366DB5C3EA5164BF35DFD /* Pods-WeatherGiftTests.release.xcconfig */ = {isa = PBXFileReference; includeInIndex = 1; lastKnownFileType = text.xcconfig; name = "Pods-WeatherGiftTests.release.xcconfig"; path = "Target Support Files/Pods-WeatherGiftTests/Pods-WeatherGiftTests.release.xcconfig"; sourceTree = "<group>"; };
		81E808C14386B4C7EA401943 /* Pods-WeatherGift.debug.xcconfig */ = {isa = PBXFileReference; includeInIndex = 1; lastKnownFileType = text.xcconfig; name = "Pods-WeatherGift.debug.xcconfig"; path = "Target Support Files/Pods-WeatherGift/Pods-WeatherGift.debug.xcconfig"; sourceTree = "<group>"; };
		8A79ADBD8D9217F318116FD6 /* Pods-WeatherGift-WeatherGiftUITests.release.xcconfig */ = {isa = PBXFileReference; includeInIndex = 1; lastKnownFileType = text.xcconfig; name = "Pods-WeatherGift-WeatherGiftUITests.release.xcconfig"; path = "Target Support Files/Pods-WeatherGift-WeatherGiftUITests/Pods-WeatherGift-WeatherGiftUITests.release.xcconfig"; sourceTree = "<group>"; };
		9BFB9267B91B19B29C1932F6 /* libPods-WeatherGiftTests.a */ = {isa = PBXFileReference; explicitFileType = archive.ar; includeInIndex = 0; path = "libPods-WeatherGiftTests.a"; sourceTree = BUILT_PRODUCTS_DIR; };
		D9A44617A5234F0BAECB1BBA /* libPods-WeatherGift-WeatherGiftUITests.a */ = {isa = PBXFileReference; explicitFileType = archive.ar; includeInIndex = 0; path = "libPods-WeatherGift-WeatherGiftUITests.a"; sourceTree = BUILT_PRODUCTS_DIR; };
		EA3DAC4D8620E1E39D94C64B /* libPods-WeatherGift.a */ = {isa = PBXFileReference; explicitFileType = archive.ar; includeInIndex = 0; path = "libPods-WeatherGift.a"; sourceTree = BUILT_PRODUCTS_DIR; };
/* End PBXFileReference section */

/* Begin PBXFrameworksBuildPhase section */
		232F888F26042B0E00D43366 /* Frameworks */ = {
			isa = PBXFrameworksBuildPhase;
			buildActionMask = 2147483647;
			files = (
				3BE3342CBF007C2B7A5BB6FC /* libPods-WeatherGift.a in Frameworks */,
			);
			runOnlyForDeploymentPostprocessing = 0;
		};
		232F88A526042B0F00D43366 /* Frameworks */ = {
			isa = PBXFrameworksBuildPhase;
			buildActionMask = 2147483647;
			files = (
				F3FAB8391F0F93CA2FAACBD1 /* libPods-WeatherGiftTests.a in Frameworks */,
			);
			runOnlyForDeploymentPostprocessing = 0;
		};
		232F88B026042B0F00D43366 /* Frameworks */ = {
			isa = PBXFrameworksBuildPhase;
			buildActionMask = 2147483647;
			files = (
				9918C58BDBC661497D5BD3D7 /* libPods-WeatherGift-WeatherGiftUITests.a in Frameworks */,
			);
			runOnlyForDeploymentPostprocessing = 0;
		};
/* End PBXFrameworksBuildPhase section */

/* Begin PBXGroup section */
		232F888926042B0E00D43366 = {
			isa = PBXGroup;
			children = (
				232F889426042B0E00D43366 /* WeatherGift */,
				232F88AB26042B0F00D43366 /* WeatherGiftTests */,
				232F88B626042B0F00D43366 /* WeatherGiftUITests */,
				232F889326042B0E00D43366 /* Products */,
				310914CF37D7D35EEC8A8681 /* Pods */,
				C59AEA5C50F9ED31A538DA43 /* Frameworks */,
			);
			sourceTree = "<group>";
		};
		232F889326042B0E00D43366 /* Products */ = {
			isa = PBXGroup;
			children = (
				232F889226042B0E00D43366 /* WeatherGift.app */,
				232F88A826042B0F00D43366 /* WeatherGiftTests.xctest */,
				232F88B326042B0F00D43366 /* WeatherGiftUITests.xctest */,
			);
			name = Products;
			sourceTree = "<group>";
		};
		232F889426042B0E00D43366 /* WeatherGift */ = {
			isa = PBXGroup;
			children = (
				232F889526042B0E00D43366 /* AppDelegate.swift */,
				232F889726042B0E00D43366 /* SceneDelegate.swift */,
				232F88C826042B2700D43366 /* WeatherLocation.swift */,
				231D88BF260687F60092EA90 /* WeatherDetail.swift */,
				238F0514260562A400806E1D /* PageViewController.swift */,
				238F050F260451EA00806E1D /* LocationDetailViewController.swift */,
				232F889926042B0E00D43366 /* LocationListViewController.swift */,
				23E964AF260D440F00696006 /* AboutViewController.swift */,
				23931ECE260C5AC30021B41B /* DailyTableViewCell.swift */,
				23E96495260D0C6A00696006 /* HourlyCollectionViewCell.swift */,
				23E964A2260D352B00696006 /* UIViewController+alert.swift */,
				232F889B26042B0E00D43366 /* Main.storyboard */,
				232F889E26042B0F00D43366 /* Assets.xcassets */,
				232F88A026042B0F00D43366 /* LaunchScreen.storyboard */,
				232F88A326042B0F00D43366 /* Info.plist */,
				23931E89260C51760021B41B /* APIKeys.swift */,
			);
			path = WeatherGift;
			sourceTree = "<group>";
		};
		232F88AB26042B0F00D43366 /* WeatherGiftTests */ = {
			isa = PBXGroup;
			children = (
				232F88AC26042B0F00D43366 /* WeatherGiftTests.swift */,
				232F88AE26042B0F00D43366 /* Info.plist */,
			);
			path = WeatherGiftTests;
			sourceTree = "<group>";
		};
		232F88B626042B0F00D43366 /* WeatherGiftUITests */ = {
			isa = PBXGroup;
			children = (
				232F88B726042B0F00D43366 /* WeatherGiftUITests.swift */,
				232F88B926042B0F00D43366 /* Info.plist */,
			);
			path = WeatherGiftUITests;
			sourceTree = "<group>";
		};
		310914CF37D7D35EEC8A8681 /* Pods */ = {
			isa = PBXGroup;
			children = (
				81E808C14386B4C7EA401943 /* Pods-WeatherGift.debug.xcconfig */,
				4A4766A70026773E4501DF95 /* Pods-WeatherGift.release.xcconfig */,
				59C6ED5B5B23B44D7D877F0A /* Pods-WeatherGift-WeatherGiftUITests.debug.xcconfig */,
				8A79ADBD8D9217F318116FD6 /* Pods-WeatherGift-WeatherGiftUITests.release.xcconfig */,
				742F93F3C2A60D0EAEF98C5A /* Pods-WeatherGiftTests.debug.xcconfig */,
				7F6366DB5C3EA5164BF35DFD /* Pods-WeatherGiftTests.release.xcconfig */,
			);
			path = Pods;
			sourceTree = "<group>";
		};
		C59AEA5C50F9ED31A538DA43 /* Frameworks */ = {
			isa = PBXGroup;
			children = (
				EA3DAC4D8620E1E39D94C64B /* libPods-WeatherGift.a */,
				D9A44617A5234F0BAECB1BBA /* libPods-WeatherGift-WeatherGiftUITests.a */,
				9BFB9267B91B19B29C1932F6 /* libPods-WeatherGiftTests.a */,
			);
			name = Frameworks;
			sourceTree = "<group>";
		};
/* End PBXGroup section */

/* Begin PBXNativeTarget section */
		232F889126042B0E00D43366 /* WeatherGift */ = {
			isa = PBXNativeTarget;
			buildConfigurationList = 232F88BC26042B0F00D43366 /* Build configuration list for PBXNativeTarget "WeatherGift" */;
			buildPhases = (
				CA7689F95C767CE0A81C5E56 /* [CP] Check Pods Manifest.lock */,
				232F888E26042B0E00D43366 /* Sources */,
				232F888F26042B0E00D43366 /* Frameworks */,
				232F889026042B0E00D43366 /* Resources */,
				C488DA25B133ADD1A98AC62C /* [CP] Copy Pods Resources */,
			);
			buildRules = (
			);
			dependencies = (
			);
			name = WeatherGift;
			productName = WeatherGift;
			productReference = 232F889226042B0E00D43366 /* WeatherGift.app */;
			productType = "com.apple.product-type.application";
		};
		232F88A726042B0F00D43366 /* WeatherGiftTests */ = {
			isa = PBXNativeTarget;
			buildConfigurationList = 232F88BF26042B0F00D43366 /* Build configuration list for PBXNativeTarget "WeatherGiftTests" */;
			buildPhases = (
				8E8A5A2A9F5859AC7C58CE5C /* [CP] Check Pods Manifest.lock */,
				232F88A426042B0F00D43366 /* Sources */,
				232F88A526042B0F00D43366 /* Frameworks */,
				232F88A626042B0F00D43366 /* Resources */,
			);
			buildRules = (
			);
			dependencies = (
				232F88AA26042B0F00D43366 /* PBXTargetDependency */,
			);
			name = WeatherGiftTests;
			productName = WeatherGiftTests;
			productReference = 232F88A826042B0F00D43366 /* WeatherGiftTests.xctest */;
			productType = "com.apple.product-type.bundle.unit-test";
		};
		232F88B226042B0F00D43366 /* WeatherGiftUITests */ = {
			isa = PBXNativeTarget;
			buildConfigurationList = 232F88C226042B0F00D43366 /* Build configuration list for PBXNativeTarget "WeatherGiftUITests" */;
			buildPhases = (
				637DEC690AD29E4E3922C1D0 /* [CP] Check Pods Manifest.lock */,
				232F88AF26042B0F00D43366 /* Sources */,
				232F88B026042B0F00D43366 /* Frameworks */,
				232F88B126042B0F00D43366 /* Resources */,
				8E9EFA7200F3E9A1EDA84C72 /* [CP] Copy Pods Resources */,
			);
			buildRules = (
			);
			dependencies = (
				232F88B526042B0F00D43366 /* PBXTargetDependency */,
			);
			name = WeatherGiftUITests;
			productName = WeatherGiftUITests;
			productReference = 232F88B326042B0F00D43366 /* WeatherGiftUITests.xctest */;
			productType = "com.apple.product-type.bundle.ui-testing";
		};
/* End PBXNativeTarget section */

/* Begin PBXProject section */
		232F888A26042B0E00D43366 /* Project object */ = {
			isa = PBXProject;
			attributes = {
				LastSwiftUpdateCheck = 1240;
				LastUpgradeCheck = 1240;
				TargetAttributes = {
					232F889126042B0E00D43366 = {
						CreatedOnToolsVersion = 12.4;
					};
					232F88A726042B0F00D43366 = {
						CreatedOnToolsVersion = 12.4;
						TestTargetID = 232F889126042B0E00D43366;
					};
					232F88B226042B0F00D43366 = {
						CreatedOnToolsVersion = 12.4;
						TestTargetID = 232F889126042B0E00D43366;
					};
				};
			};
			buildConfigurationList = 232F888D26042B0E00D43366 /* Build configuration list for PBXProject "WeatherGift" */;
			compatibilityVersion = "Xcode 9.3";
			developmentRegion = en;
			hasScannedForEncodings = 0;
			knownRegions = (
				en,
				Base,
			);
			mainGroup = 232F888926042B0E00D43366;
			productRefGroup = 232F889326042B0E00D43366 /* Products */;
			projectDirPath = "";
			projectRoot = "";
			targets = (
				232F889126042B0E00D43366 /* WeatherGift */,
				232F88A726042B0F00D43366 /* WeatherGiftTests */,
				232F88B226042B0F00D43366 /* WeatherGiftUITests */,
			);
		};
/* End PBXProject section */

/* Begin PBXResourcesBuildPhase section */
		232F889026042B0E00D43366 /* Resources */ = {
			isa = PBXResourcesBuildPhase;
			buildActionMask = 2147483647;
			files = (
				232F88A226042B0F00D43366 /* LaunchScreen.storyboard in Resources */,
				232F889F26042B0F00D43366 /* Assets.xcassets in Resources */,
				232F889D26042B0E00D43366 /* Main.storyboard in Resources */,
			);
			runOnlyForDeploymentPostprocessing = 0;
		};
		232F88A626042B0F00D43366 /* Resources */ = {
			isa = PBXResourcesBuildPhase;
			buildActionMask = 2147483647;
			files = (
			);
			runOnlyForDeploymentPostprocessing = 0;
		};
		232F88B126042B0F00D43366 /* Resources */ = {
			isa = PBXResourcesBuildPhase;
			buildActionMask = 2147483647;
			files = (
			);
			runOnlyForDeploymentPostprocessing = 0;
		};
/* End PBXResourcesBuildPhase section */

/* Begin PBXShellScriptBuildPhase section */
		637DEC690AD29E4E3922C1D0 /* [CP] Check Pods Manifest.lock */ = {
			isa = PBXShellScriptBuildPhase;
			buildActionMask = 2147483647;
			files = (
			);
			inputFileListPaths = (
			);
			inputPaths = (
				"${PODS_PODFILE_DIR_PATH}/Podfile.lock",
				"${PODS_ROOT}/Manifest.lock",
			);
			name = "[CP] Check Pods Manifest.lock";
			outputFileListPaths = (
			);
			outputPaths = (
				"$(DERIVED_FILE_DIR)/Pods-WeatherGift-WeatherGiftUITests-checkManifestLockResult.txt",
			);
			runOnlyForDeploymentPostprocessing = 0;
			shellPath = /bin/sh;
			shellScript = "diff \"${PODS_PODFILE_DIR_PATH}/Podfile.lock\" \"${PODS_ROOT}/Manifest.lock\" > /dev/null\nif [ $? != 0 ] ; then\n    # print error to STDERR\n    echo \"error: The sandbox is not in sync with the Podfile.lock. Run 'pod install' or update your CocoaPods installation.\" >&2\n    exit 1\nfi\n# This output is used by Xcode 'outputs' to avoid re-running this script phase.\necho \"SUCCESS\" > \"${SCRIPT_OUTPUT_FILE_0}\"\n";
			showEnvVarsInLog = 0;
		};
		8E8A5A2A9F5859AC7C58CE5C /* [CP] Check Pods Manifest.lock */ = {
			isa = PBXShellScriptBuildPhase;
			buildActionMask = 2147483647;
			files = (
			);
			inputFileListPaths = (
			);
			inputPaths = (
				"${PODS_PODFILE_DIR_PATH}/Podfile.lock",
				"${PODS_ROOT}/Manifest.lock",
			);
			name = "[CP] Check Pods Manifest.lock";
			outputFileListPaths = (
			);
			outputPaths = (
				"$(DERIVED_FILE_DIR)/Pods-WeatherGiftTests-checkManifestLockResult.txt",
			);
			runOnlyForDeploymentPostprocessing = 0;
			shellPath = /bin/sh;
			shellScript = "diff \"${PODS_PODFILE_DIR_PATH}/Podfile.lock\" \"${PODS_ROOT}/Manifest.lock\" > /dev/null\nif [ $? != 0 ] ; then\n    # print error to STDERR\n    echo \"error: The sandbox is not in sync with the Podfile.lock. Run 'pod install' or update your CocoaPods installation.\" >&2\n    exit 1\nfi\n# This output is used by Xcode 'outputs' to avoid re-running this script phase.\necho \"SUCCESS\" > \"${SCRIPT_OUTPUT_FILE_0}\"\n";
			showEnvVarsInLog = 0;
		};
		8E9EFA7200F3E9A1EDA84C72 /* [CP] Copy Pods Resources */ = {
			isa = PBXShellScriptBuildPhase;
			buildActionMask = 2147483647;
			files = (
			);
			inputFileListPaths = (
				"${PODS_ROOT}/Target Support Files/Pods-WeatherGift-WeatherGiftUITests/Pods-WeatherGift-WeatherGiftUITests-resources-${CONFIGURATION}-input-files.xcfilelist",
			);
			name = "[CP] Copy Pods Resources";
			outputFileListPaths = (
				"${PODS_ROOT}/Target Support Files/Pods-WeatherGift-WeatherGiftUITests/Pods-WeatherGift-WeatherGiftUITests-resources-${CONFIGURATION}-output-files.xcfilelist",
			);
			runOnlyForDeploymentPostprocessing = 0;
			shellPath = /bin/sh;
			shellScript = "\"${PODS_ROOT}/Target Support Files/Pods-WeatherGift-WeatherGiftUITests/Pods-WeatherGift-WeatherGiftUITests-resources.sh\"\n";
			showEnvVarsInLog = 0;
		};
		C488DA25B133ADD1A98AC62C /* [CP] Copy Pods Resources */ = {
			isa = PBXShellScriptBuildPhase;
			buildActionMask = 2147483647;
			files = (
			);
			inputFileListPaths = (
				"${PODS_ROOT}/Target Support Files/Pods-WeatherGift/Pods-WeatherGift-resources-${CONFIGURATION}-input-files.xcfilelist",
			);
			name = "[CP] Copy Pods Resources";
			outputFileListPaths = (
				"${PODS_ROOT}/Target Support Files/Pods-WeatherGift/Pods-WeatherGift-resources-${CONFIGURATION}-output-files.xcfilelist",
			);
			runOnlyForDeploymentPostprocessing = 0;
			shellPath = /bin/sh;
			shellScript = "\"${PODS_ROOT}/Target Support Files/Pods-WeatherGift/Pods-WeatherGift-resources.sh\"\n";
			showEnvVarsInLog = 0;
		};
		CA7689F95C767CE0A81C5E56 /* [CP] Check Pods Manifest.lock */ = {
			isa = PBXShellScriptBuildPhase;
			buildActionMask = 2147483647;
			files = (
			);
			inputFileListPaths = (
			);
			inputPaths = (
				"${PODS_PODFILE_DIR_PATH}/Podfile.lock",
				"${PODS_ROOT}/Manifest.lock",
			);
			name = "[CP] Check Pods Manifest.lock";
			outputFileListPaths = (
			);
			outputPaths = (
				"$(DERIVED_FILE_DIR)/Pods-WeatherGift-checkManifestLockResult.txt",
			);
			runOnlyForDeploymentPostprocessing = 0;
			shellPath = /bin/sh;
			shellScript = "diff \"${PODS_PODFILE_DIR_PATH}/Podfile.lock\" \"${PODS_ROOT}/Manifest.lock\" > /dev/null\nif [ $? != 0 ] ; then\n    # print error to STDERR\n    echo \"error: The sandbox is not in sync with the Podfile.lock. Run 'pod install' or update your CocoaPods installation.\" >&2\n    exit 1\nfi\n# This output is used by Xcode 'outputs' to avoid re-running this script phase.\necho \"SUCCESS\" > \"${SCRIPT_OUTPUT_FILE_0}\"\n";
			showEnvVarsInLog = 0;
		};
/* End PBXShellScriptBuildPhase section */

/* Begin PBXSourcesBuildPhase section */
		232F888E26042B0E00D43366 /* Sources */ = {
			isa = PBXSourcesBuildPhase;
			buildActionMask = 2147483647;
			files = (
				23931ECF260C5AC30021B41B /* DailyTableViewCell.swift in Sources */,
				232F889A26042B0E00D43366 /* LocationListViewController.swift in Sources */,
				231D88C0260687F60092EA90 /* WeatherDetail.swift in Sources */,
				238F0515260562A400806E1D /* PageViewController.swift in Sources */,
				232F88C926042B2700D43366 /* WeatherLocation.swift in Sources */,
				232F889626042B0E00D43366 /* AppDelegate.swift in Sources */,
				23E964B0260D440F00696006 /* AboutViewController.swift in Sources */,
				238F0510260451EA00806E1D /* LocationDetailViewController.swift in Sources */,
				23E964A3260D352B00696006 /* UIViewController+alert.swift in Sources */,
				23931E8A260C51760021B41B /* APIKeys.swift in Sources */,
				232F889826042B0E00D43366 /* SceneDelegate.swift in Sources */,
				23E96496260D0C6A00696006 /* HourlyCollectionViewCell.swift in Sources */,
			);
			runOnlyForDeploymentPostprocessing = 0;
		};
		232F88A426042B0F00D43366 /* Sources */ = {
			isa = PBXSourcesBuildPhase;
			buildActionMask = 2147483647;
			files = (
				232F88AD26042B0F00D43366 /* WeatherGiftTests.swift in Sources */,
			);
			runOnlyForDeploymentPostprocessing = 0;
		};
		232F88AF26042B0F00D43366 /* Sources */ = {
			isa = PBXSourcesBuildPhase;
			buildActionMask = 2147483647;
			files = (
				232F88B826042B0F00D43366 /* WeatherGiftUITests.swift in Sources */,
			);
			runOnlyForDeploymentPostprocessing = 0;
		};
/* End PBXSourcesBuildPhase section */

/* Begin PBXTargetDependency section */
		232F88AA26042B0F00D43366 /* PBXTargetDependency */ = {
			isa = PBXTargetDependency;
			target = 232F889126042B0E00D43366 /* WeatherGift */;
			targetProxy = 232F88A926042B0F00D43366 /* PBXContainerItemProxy */;
		};
		232F88B526042B0F00D43366 /* PBXTargetDependency */ = {
			isa = PBXTargetDependency;
			target = 232F889126042B0E00D43366 /* WeatherGift */;
			targetProxy = 232F88B426042B0F00D43366 /* PBXContainerItemProxy */;
		};
/* End PBXTargetDependency section */

/* Begin PBXVariantGroup section */
		232F889B26042B0E00D43366 /* Main.storyboard */ = {
			isa = PBXVariantGroup;
			children = (
				232F889C26042B0E00D43366 /* Base */,
			);
			name = Main.storyboard;
			sourceTree = "<group>";
		};
		232F88A026042B0F00D43366 /* LaunchScreen.storyboard */ = {
			isa = PBXVariantGroup;
			children = (
				232F88A126042B0F00D43366 /* Base */,
			);
			name = LaunchScreen.storyboard;
			sourceTree = "<group>";
		};
/* End PBXVariantGroup section */

/* Begin XCBuildConfiguration section */
		232F88BA26042B0F00D43366 /* Debug */ = {
			isa = XCBuildConfiguration;
			buildSettings = {
				ALWAYS_SEARCH_USER_PATHS = NO;
				CLANG_ANALYZER_NONNULL = YES;
				CLANG_ANALYZER_NUMBER_OBJECT_CONVERSION = YES_AGGRESSIVE;
				CLANG_CXX_LANGUAGE_STANDARD = "gnu++14";
				CLANG_CXX_LIBRARY = "libc++";
				CLANG_ENABLE_MODULES = YES;
				CLANG_ENABLE_OBJC_ARC = YES;
				CLANG_ENABLE_OBJC_WEAK = YES;
				CLANG_WARN_BLOCK_CAPTURE_AUTORELEASING = YES;
				CLANG_WARN_BOOL_CONVERSION = YES;
				CLANG_WARN_COMMA = YES;
				CLANG_WARN_CONSTANT_CONVERSION = YES;
				CLANG_WARN_DEPRECATED_OBJC_IMPLEMENTATIONS = YES;
				CLANG_WARN_DIRECT_OBJC_ISA_USAGE = YES_ERROR;
				CLANG_WARN_DOCUMENTATION_COMMENTS = YES;
				CLANG_WARN_EMPTY_BODY = YES;
				CLANG_WARN_ENUM_CONVERSION = YES;
				CLANG_WARN_INFINITE_RECURSION = YES;
				CLANG_WARN_INT_CONVERSION = YES;
				CLANG_WARN_NON_LITERAL_NULL_CONVERSION = YES;
				CLANG_WARN_OBJC_IMPLICIT_RETAIN_SELF = YES;
				CLANG_WARN_OBJC_LITERAL_CONVERSION = YES;
				CLANG_WARN_OBJC_ROOT_CLASS = YES_ERROR;
				CLANG_WARN_QUOTED_INCLUDE_IN_FRAMEWORK_HEADER = YES;
				CLANG_WARN_RANGE_LOOP_ANALYSIS = YES;
				CLANG_WARN_STRICT_PROTOTYPES = YES;
				CLANG_WARN_SUSPICIOUS_MOVE = YES;
				CLANG_WARN_UNGUARDED_AVAILABILITY = YES_AGGRESSIVE;
				CLANG_WARN_UNREACHABLE_CODE = YES;
				CLANG_WARN__DUPLICATE_METHOD_MATCH = YES;
				COPY_PHASE_STRIP = NO;
				DEBUG_INFORMATION_FORMAT = dwarf;
				ENABLE_STRICT_OBJC_MSGSEND = YES;
				ENABLE_TESTABILITY = YES;
				GCC_C_LANGUAGE_STANDARD = gnu11;
				GCC_DYNAMIC_NO_PIC = NO;
				GCC_NO_COMMON_BLOCKS = YES;
				GCC_OPTIMIZATION_LEVEL = 0;
				GCC_PREPROCESSOR_DEFINITIONS = (
					"DEBUG=1",
					"$(inherited)",
				);
				GCC_WARN_64_TO_32_BIT_CONVERSION = YES;
				GCC_WARN_ABOUT_RETURN_TYPE = YES_ERROR;
				GCC_WARN_UNDECLARED_SELECTOR = YES;
				GCC_WARN_UNINITIALIZED_AUTOS = YES_AGGRESSIVE;
				GCC_WARN_UNUSED_FUNCTION = YES;
				GCC_WARN_UNUSED_VARIABLE = YES;
				IPHONEOS_DEPLOYMENT_TARGET = 14.4;
				MTL_ENABLE_DEBUG_INFO = INCLUDE_SOURCE;
				MTL_FAST_MATH = YES;
				ONLY_ACTIVE_ARCH = YES;
				SDKROOT = iphoneos;
				SWIFT_ACTIVE_COMPILATION_CONDITIONS = DEBUG;
				SWIFT_OPTIMIZATION_LEVEL = "-Onone";
			};
			name = Debug;
		};
		232F88BB26042B0F00D43366 /* Release */ = {
			isa = XCBuildConfiguration;
			buildSettings = {
				ALWAYS_SEARCH_USER_PATHS = NO;
				CLANG_ANALYZER_NONNULL = YES;
				CLANG_ANALYZER_NUMBER_OBJECT_CONVERSION = YES_AGGRESSIVE;
				CLANG_CXX_LANGUAGE_STANDARD = "gnu++14";
				CLANG_CXX_LIBRARY = "libc++";
				CLANG_ENABLE_MODULES = YES;
				CLANG_ENABLE_OBJC_ARC = YES;
				CLANG_ENABLE_OBJC_WEAK = YES;
				CLANG_WARN_BLOCK_CAPTURE_AUTORELEASING = YES;
				CLANG_WARN_BOOL_CONVERSION = YES;
				CLANG_WARN_COMMA = YES;
				CLANG_WARN_CONSTANT_CONVERSION = YES;
				CLANG_WARN_DEPRECATED_OBJC_IMPLEMENTATIONS = YES;
				CLANG_WARN_DIRECT_OBJC_ISA_USAGE = YES_ERROR;
				CLANG_WARN_DOCUMENTATION_COMMENTS = YES;
				CLANG_WARN_EMPTY_BODY = YES;
				CLANG_WARN_ENUM_CONVERSION = YES;
				CLANG_WARN_INFINITE_RECURSION = YES;
				CLANG_WARN_INT_CONVERSION = YES;
				CLANG_WARN_NON_LITERAL_NULL_CONVERSION = YES;
				CLANG_WARN_OBJC_IMPLICIT_RETAIN_SELF = YES;
				CLANG_WARN_OBJC_LITERAL_CONVERSION = YES;
				CLANG_WARN_OBJC_ROOT_CLASS = YES_ERROR;
				CLANG_WARN_QUOTED_INCLUDE_IN_FRAMEWORK_HEADER = YES;
				CLANG_WARN_RANGE_LOOP_ANALYSIS = YES;
				CLANG_WARN_STRICT_PROTOTYPES = YES;
				CLANG_WARN_SUSPICIOUS_MOVE = YES;
				CLANG_WARN_UNGUARDED_AVAILABILITY = YES_AGGRESSIVE;
				CLANG_WARN_UNREACHABLE_CODE = YES;
				CLANG_WARN__DUPLICATE_METHOD_MATCH = YES;
				COPY_PHASE_STRIP = NO;
				DEBUG_INFORMATION_FORMAT = "dwarf-with-dsym";
				ENABLE_NS_ASSERTIONS = NO;
				ENABLE_STRICT_OBJC_MSGSEND = YES;
				GCC_C_LANGUAGE_STANDARD = gnu11;
				GCC_NO_COMMON_BLOCKS = YES;
				GCC_WARN_64_TO_32_BIT_CONVERSION = YES;
				GCC_WARN_ABOUT_RETURN_TYPE = YES_ERROR;
				GCC_WARN_UNDECLARED_SELECTOR = YES;
				GCC_WARN_UNINITIALIZED_AUTOS = YES_AGGRESSIVE;
				GCC_WARN_UNUSED_FUNCTION = YES;
				GCC_WARN_UNUSED_VARIABLE = YES;
				IPHONEOS_DEPLOYMENT_TARGET = 14.4;
				MTL_ENABLE_DEBUG_INFO = NO;
				MTL_FAST_MATH = YES;
				SDKROOT = iphoneos;
				SWIFT_COMPILATION_MODE = wholemodule;
				SWIFT_OPTIMIZATION_LEVEL = "-O";
				VALIDATE_PRODUCT = YES;
			};
			name = Release;
		};
		232F88BD26042B0F00D43366 /* Debug */ = {
			isa = XCBuildConfiguration;
			baseConfigurationReference = 81E808C14386B4C7EA401943 /* Pods-WeatherGift.debug.xcconfig */;
			buildSettings = {
				ASSETCATALOG_COMPILER_APPICON_NAME = AppIcon;
				ASSETCATALOG_COMPILER_GLOBAL_ACCENT_COLOR_NAME = AccentColor;
				CODE_SIGN_STYLE = Automatic;
				DEVELOPMENT_TEAM = 8HWD5Y4SV3;
				EXCLUDED_ARCHS = "";
				INFOPLIST_FILE = WeatherGift/Info.plist;
				LD_RUNPATH_SEARCH_PATHS = (
					"$(inherited)",
					"@executable_path/Frameworks",
				);
				PRODUCT_BUNDLE_IDENTIFIER = "Jake-Wang.WeatherGift";
				PRODUCT_NAME = "$(TARGET_NAME)";
				SWIFT_VERSION = 5.0;
				TARGETED_DEVICE_FAMILY = "1,2";
			};
			name = Debug;
		};
		232F88BE26042B0F00D43366 /* Release */ = {
			isa = XCBuildConfiguration;
			baseConfigurationReference = 4A4766A70026773E4501DF95 /* Pods-WeatherGift.release.xcconfig */;
			buildSettings = {
				ASSETCATALOG_COMPILER_APPICON_NAME = AppIcon;
				ASSETCATALOG_COMPILER_GLOBAL_ACCENT_COLOR_NAME = AccentColor;
				CODE_SIGN_STYLE = Automatic;
				DEVELOPMENT_TEAM = 8HWD5Y4SV3;
				EXCLUDED_ARCHS = "";
				INFOPLIST_FILE = WeatherGift/Info.plist;
				LD_RUNPATH_SEARCH_PATHS = (
					"$(inherited)",
					"@executable_path/Frameworks",
				);
				ONLY_ACTIVE_ARCH = NO;
				PRODUCT_BUNDLE_IDENTIFIER = "Jake-Wang.WeatherGift";
				PRODUCT_NAME = "$(TARGET_NAME)";
				SWIFT_VERSION = 5.0;
				TARGETED_DEVICE_FAMILY = "1,2";
			};
			name = Release;
		};
		232F88C026042B0F00D43366 /* Debug */ = {
			isa = XCBuildConfiguration;
			baseConfigurationReference = 742F93F3C2A60D0EAEF98C5A /* Pods-WeatherGiftTests.debug.xcconfig */;
			buildSettings = {
				ALWAYS_EMBED_SWIFT_STANDARD_LIBRARIES = YES;
				BUNDLE_LOADER = "$(TEST_HOST)";
				CODE_SIGN_STYLE = Automatic;
				DEVELOPMENT_TEAM = 8HWD5Y4SV3;
				INFOPLIST_FILE = WeatherGiftTests/Info.plist;
				IPHONEOS_DEPLOYMENT_TARGET = 14.4;
				LD_RUNPATH_SEARCH_PATHS = (
					"$(inherited)",
					"@executable_path/Frameworks",
					"@loader_path/Frameworks",
				);
				PRODUCT_BUNDLE_IDENTIFIER = "Jake-Wang.WeatherGiftTests";
				PRODUCT_NAME = "$(TARGET_NAME)";
				SWIFT_VERSION = 5.0;
				TARGETED_DEVICE_FAMILY = "1,2";
				TEST_HOST = "$(BUILT_PRODUCTS_DIR)/WeatherGift.app/WeatherGift";
			};
			name = Debug;
		};
		232F88C126042B0F00D43366 /* Release */ = {
			isa = XCBuildConfiguration;
			baseConfigurationReference = 7F6366DB5C3EA5164BF35DFD /* Pods-WeatherGiftTests.release.xcconfig */;
			buildSettings = {
				ALWAYS_EMBED_SWIFT_STANDARD_LIBRARIES = YES;
				BUNDLE_LOADER = "$(TEST_HOST)";
				CODE_SIGN_STYLE = Automatic;
				DEVELOPMENT_TEAM = 8HWD5Y4SV3;
				INFOPLIST_FILE = WeatherGiftTests/Info.plist;
				IPHONEOS_DEPLOYMENT_TARGET = 14.4;
				LD_RUNPATH_SEARCH_PATHS = (
					"$(inherited)",
					"@executable_path/Frameworks",
					"@loader_path/Frameworks",
				);
				PRODUCT_BUNDLE_IDENTIFIER = "Jake-Wang.WeatherGiftTests";
				PRODUCT_NAME = "$(TARGET_NAME)";
				SWIFT_VERSION = 5.0;
				TARGETED_DEVICE_FAMILY = "1,2";
				TEST_HOST = "$(BUILT_PRODUCTS_DIR)/WeatherGift.app/WeatherGift";
			};
			name = Release;
		};
		232F88C326042B0F00D43366 /* Debug */ = {
			isa = XCBuildConfiguration;
			baseConfigurationReference = 59C6ED5B5B23B44D7D877F0A /* Pods-WeatherGift-WeatherGiftUITests.debug.xcconfig */;
			buildSettings = {
				ALWAYS_EMBED_SWIFT_STANDARD_LIBRARIES = YES;
				CODE_SIGN_STYLE = Automatic;
				DEVELOPMENT_TEAM = 8HWD5Y4SV3;
				INFOPLIST_FILE = WeatherGiftUITests/Info.plist;
				LD_RUNPATH_SEARCH_PATHS = (
					"$(inherited)",
					"@executable_path/Frameworks",
					"@loader_path/Frameworks",
				);
				PRODUCT_BUNDLE_IDENTIFIER = "Jake-Wang.WeatherGiftUITests";
				PRODUCT_NAME = "$(TARGET_NAME)";
				SWIFT_VERSION = 5.0;
				TARGETED_DEVICE_FAMILY = "1,2";
				TEST_TARGET_NAME = WeatherGift;
			};
			name = Debug;
		};
		232F88C426042B0F00D43366 /* Release */ = {
			isa = XCBuildConfiguration;
			baseConfigurationReference = 8A79ADBD8D9217F318116FD6 /* Pods-WeatherGift-WeatherGiftUITests.release.xcconfig */;
			buildSettings = {
				ALWAYS_EMBED_SWIFT_STANDARD_LIBRARIES = YES;
				CODE_SIGN_STYLE = Automatic;
				DEVELOPMENT_TEAM = 8HWD5Y4SV3;
				INFOPLIST_FILE = WeatherGiftUITests/Info.plist;
				LD_RUNPATH_SEARCH_PATHS = (
					"$(inherited)",
					"@executable_path/Frameworks",
					"@loader_path/Frameworks",
				);
				PRODUCT_BUNDLE_IDENTIFIER = "Jake-Wang.WeatherGiftUITests";
				PRODUCT_NAME = "$(TARGET_NAME)";
				SWIFT_VERSION = 5.0;
				TARGETED_DEVICE_FAMILY = "1,2";
				TEST_TARGET_NAME = WeatherGift;
			};
			name = Release;
		};
/* End XCBuildConfiguration section */

/* Begin XCConfigurationList section */
		232F888D26042B0E00D43366 /* Build configuration list for PBXProject "WeatherGift" */ = {
			isa = XCConfigurationList;
			buildConfigurations = (
				232F88BA26042B0F00D43366 /* Debug */,
				232F88BB26042B0F00D43366 /* Release */,
			);
			defaultConfigurationIsVisible = 0;
			defaultConfigurationName = Release;
		};
		232F88BC26042B0F00D43366 /* Build configuration list for PBXNativeTarget "WeatherGift" */ = {
			isa = XCConfigurationList;
			buildConfigurations = (
				232F88BD26042B0F00D43366 /* Debug */,
				232F88BE26042B0F00D43366 /* Release */,
			);
			defaultConfigurationIsVisible = 0;
			defaultConfigurationName = Release;
		};
		232F88BF26042B0F00D43366 /* Build configuration list for PBXNativeTarget "WeatherGiftTests" */ = {
			isa = XCConfigurationList;
			buildConfigurations = (
				232F88C026042B0F00D43366 /* Debug */,
				232F88C126042B0F00D43366 /* Release */,
			);
			defaultConfigurationIsVisible = 0;
			defaultConfigurationName = Release;
		};
		232F88C226042B0F00D43366 /* Build configuration list for PBXNativeTarget "WeatherGiftUITests" */ = {
			isa = XCConfigurationList;
			buildConfigurations = (
				232F88C326042B0F00D43366 /* Debug */,
				232F88C426042B0F00D43366 /* Release */,
			);
			defaultConfigurationIsVisible = 0;
			defaultConfigurationName = Release;
		};
/* End XCConfigurationList section */
	};
	rootObject = 232F888A26042B0E00D43366 /* Project object */;
}
