// !$*UTF8*$!
{
	archiveVersion = 1;
	classes = {
	};
	objectVersion = 50;
	objects = {

/* Begin PBXBuildFile section */
		232F889626042B0E00D43366 /* AppDelegate.swift in Sources */ = {isa = PBXBuildFile; fileRef = 232F889526042B0E00D43366 /* AppDelegate.swift */; };
		232F889826042B0E00D43366 /* SceneDelegate.swift in Sources */ = {isa = PBXBuildFile; fileRef = 232F889726042B0E00D43366 /* SceneDelegate.swift */; };
		232F889A26042B0E00D43366 /* LocationListViewController.swift in Sources */ = {isa = PBXBuildFile; fileRef = 232F889926042B0E00D43366 /* LocationListViewController.swift */; };
		232F889D26042B0E00D43366 /* Main.storyboard in Resources */ = {isa = PBXBuildFile; fileRef = 232F889B26042B0E00D43366 /* Main.storyboard */; };
		232F889F26042B0F00D43366 /* Assets.xcassets in Resources */ = {isa = PBXBuildFile; fileRef = 232F889E26042B0F00D43366 /* Assets.xcassets */; };
		232F88A226042B0F00D43366 /* LaunchScreen.storyboard in Resources */ = {isa = PBXBuildFile; fileRef = 232F88A026042B0F00D43366 /* LaunchScreen.storyboard */; };
		232F88AD26042B0F00D43366 /* WeatherGiftTests.swift in Sources */ = {isa = PBXBuildFile; fileRef = 232F88AC26042B0F00D43366 /* WeatherGiftTests.swift */; };
		232F88B826042B0F00D43366 /* WeatherGiftUITests.swift in Sources */ = {isa = PBXBuildFile; fileRef = 232F88B726042B0F00D43366 /* WeatherGiftUITests.swift */; };
		232F88C926042B2700D43366 /* WeatherLocation.swift in Sources */ = {isa = PBXBuildFile; fileRef = 232F88C826042B2700D43366 /* WeatherLocation.swift */; };
/* End PBXBuildFile section */

/* Begin PBXContainerItemProxy section */
		232F88A926042B0F00D43366 /* PBXContainerItemProxy */ = {
			isa = PBXContainerItemProxy;
			containerPortal = 232F888A26042B0E00D43366 /* Project object */;
			proxyType = 1;
			remoteGlobalIDString = 232F889126042B0E00D43366;
			remoteInfo = WeatherGift;
		};
		232F88B426042B0F00D43366 /* PBXContainerItemProxy */ = {
			isa = PBXContainerItemProxy;
			containerPortal = 232F888A26042B0E00D43366 /* Project object */;
			proxyType = 1;
			remoteGlobalIDString = 232F889126042B0E00D43366;
			remoteInfo = WeatherGift;
		};
/* End PBXContainerItemProxy section */

/* Begin PBXFileReference section */
		232F889226042B0E00D43366 /* WeatherGift.app */ = {isa = PBXFileReference; explicitFileType = wrapper.application; includeInIndex = 0; path = WeatherGift.app; sourceTree = BUILT_PRODUCTS_DIR; };
		232F889526042B0E00D43366 /* AppDelegate.swift */ = {isa = PBXFileReference; lastKnownFileType = sourcecode.swift; path = AppDelegate.swift; sourceTree = "<group>"; };
		232F889726042B0E00D43366 /* SceneDelegate.swift */ = {isa = PBXFileReference; lastKnownFileType = sourcecode.swift; path = SceneDelegate.swift; sourceTree = "<group>"; };
		232F889926042B0E00D43366 /* LocationListViewController.swift */ = {isa = PBXFileReference; lastKnownFileType = sourcecode.swift; path = LocationListViewController.swift; sourceTree = "<group>"; };
		232F889C26042B0E00D43366 /* Base */ = {isa = PBXFileReference; lastKnownFileType = file.storyboard; name = Base; path = Base.lproj/Main.storyboard; sourceTree = "<group>"; };
		232F889E26042B0F00D43366 /* Assets.xcassets */ = {isa = PBXFileReference; lastKnownFileType = folder.assetcatalog; path = Assets.xcassets; sourceTree = "<group>"; };
		232F88A126042B0F00D43366 /* Base */ = {isa = PBXFileReference; lastKnownFileType = file.storyboard; name = Base; path = Base.lproj/LaunchScreen.storyboard; sourceTree = "<group>"; };
		232F88A326042B0F00D43366 /* Info.plist */ = {isa = PBXFileReference; lastKnownFileType = text.plist.xml; path = Info.plist; sourceTree = "<group>"; };
		232F88A826042B0F00D43366 /* WeatherGiftTests.xctest */ = {isa = PBXFileReference; explicitFileType = wrapper.cfbundle; includeInIndex = 0; path = WeatherGiftTests.xctest; sourceTree = BUILT_PRODUCTS_DIR; };
		232F88AC26042B0F00D43366 /* WeatherGiftTests.swift */ = {isa = PBXFileReference; lastKnownFileType = sourcecode.swift; path = WeatherGiftTests.swift; sourceTree = "<group>"; };
		232F88AE26042B0F00D43366 /* Info.plist */ = {isa = PBXFileReference; lastKnownFileType = text.plist.xml; path = Info.plist; sourceTree = "<group>"; };
		232F88B326042B0F00D43366 /* WeatherGiftUITests.xctest */ = {isa = PBXFileReference; explicitFileType = wrapper.cfbundle; includeInIndex = 0; path = WeatherGiftUITests.xctest; sourceTree = BUILT_PRODUCTS_DIR; };
		232F88B726042B0F00D43366 /* WeatherGiftUITests.swift */ = {isa = PBXFileReference; lastKnownFileType = sourcecode.swift; path = WeatherGiftUITests.swift; sourceTree = "<group>"; };
		232F88B926042B0F00D43366 /* Info.plist */ = {isa = PBXFileReference; lastKnownFileType = text.plist.xml; path = Info.plist; sourceTree = "<group>"; };
		232F88C826042B2700D43366 /* WeatherLocation.swift */ = {isa = PBXFileReference; lastKnownFileType = sourcecode.swift; path = WeatherLocation.swift; sourceTree = "<group>"; };
/* End PBXFileReference section */

/* Begin PBXFrameworksBuildPhase section */
		232F888F26042B0E00D43366 /* Frameworks */ = {
			isa = PBXFrameworksBuildPhase;
			buildActionMask = 2147483647;
			files = (
			);
			runOnlyForDeploymentPostprocessing = 0;
		};
		232F88A526042B0F00D43366 /* Frameworks */ = {
			isa = PBXFrameworksBuildPhase;
			buildActionMask = 2147483647;
			files = (
			);
			runOnlyForDeploymentPostprocessing = 0;
		};
		232F88B026042B0F00D43366 /* Frameworks */ = {
			isa = PBXFrameworksBuildPhase;
			buildActionMask = 2147483647;
			files = (
			);
			runOnlyForDeploymentPostprocessing = 0;
		};
/* End PBXFrameworksBuildPhase section */

/* Begin PBXGroup section */
		232F888926042B0E00D43366 = {
			isa = PBXGroup;
			children = (
				232F889426042B0E00D43366 /* WeatherGift */,
				232F88AB26042B0F00D43366 /* WeatherGiftTests */,
				232F88B626042B0F00D43366 /* WeatherGiftUITests */,
				232F889326042B0E00D43366 /* Products */,
			);
			sourceTree = "<group>";
		};
		232F889326042B0E00D43366 /* Products */ = {
			isa = PBXGroup;
			children = (
				232F889226042B0E00D43366 /* WeatherGift.app */,
				232F88A826042B0F00D43366 /* WeatherGiftTests.xctest */,
				232F88B326042B0F00D43366 /* WeatherGiftUITests.xctest */,
			);
			name = Products;
			sourceTree = "<group>";
		};
		232F889426042B0E00D43366 /* WeatherGift */ = {
			isa = PBXGroup;
			children = (
				232F889526042B0E00D43366 /* AppDelegate.swift */,
				232F889726042B0E00D43366 /* SceneDelegate.swift */,
				232F88C826042B2700D43366 /* WeatherLocation.swift */,
				232F889926042B0E00D43366 /* LocationListViewController.swift */,
				232F889B26042B0E00D43366 /* Main.storyboard */,
				232F889E26042B0F00D43366 /* Assets.xcassets */,
				232F88A026042B0F00D43366 /* LaunchScreen.storyboard */,
				232F88A326042B0F00D43366 /* Info.plist */,
			);
			path = WeatherGift;
			sourceTree = "<group>";
		};
		232F88AB26042B0F00D43366 /* WeatherGiftTests */ = {
			isa = PBXGroup;
			children = (
				232F88AC26042B0F00D43366 /* WeatherGiftTests.swift */,
				232F88AE26042B0F00D43366 /* Info.plist */,
			);
			path = WeatherGiftTests;
			sourceTree = "<group>";
		};
		232F88B626042B0F00D43366 /* WeatherGiftUITests */ = {
			isa = PBXGroup;
			children = (
				232F88B726042B0F00D43366 /* WeatherGiftUITests.swift */,
				232F88B926042B0F00D43366 /* Info.plist */,
			);
			path = WeatherGiftUITests;
			sourceTree = "<group>";
		};
/* End PBXGroup section */

/* Begin PBXNativeTarget section */
		232F889126042B0E00D43366 /* WeatherGift */ = {
			isa = PBXNativeTarget;
			buildConfigurationList = 232F88BC26042B0F00D43366 /* Build configuration list for PBXNativeTarget "WeatherGift" */;
			buildPhases = (
				232F888E26042B0E00D43366 /* Sources */,
				232F888F26042B0E00D43366 /* Frameworks */,
				232F889026042B0E00D43366 /* Resources */,
			);
			buildRules = (
			);
			dependencies = (
			);
			name = WeatherGift;
			productName = WeatherGift;
			productReference = 232F889226042B0E00D43366 /* WeatherGift.app */;
			productType = "com.apple.product-type.application";
		};
		232F88A726042B0F00D43366 /* WeatherGiftTests */ = {
			isa = PBXNativeTarget;
			buildConfigurationList = 232F88BF26042B0F00D43366 /* Build configuration list for PBXNativeTarget "WeatherGiftTests" */;
			buildPhases = (
				232F88A426042B0F00D43366 /* Sources */,
				232F88A526042B0F00D43366 /* Frameworks */,
				232F88A626042B0F00D43366 /* Resources */,
			);
			buildRules = (
			);
			dependencies = (
				232F88AA26042B0F00D43366 /* PBXTargetDependency */,
			);
			name = WeatherGiftTests;
			productName = WeatherGiftTests;
			productReference = 232F88A826042B0F00D43366 /* WeatherGiftTests.xctest */;
			productType = "com.apple.product-type.bundle.unit-test";
		};
		232F88B226042B0F00D43366 /* WeatherGiftUITests */ = {
			isa = PBXNativeTarget;
			buildConfigurationList = 232F88C226042B0F00D43366 /* Build configuration list for PBXNativeTarget "WeatherGiftUITests" */;
			buildPhases = (
				232F88AF26042B0F00D43366 /* Sources */,
				232F88B026042B0F00D43366 /* Frameworks */,
				232F88B126042B0F00D43366 /* Resources */,
			);
			buildRules = (
			);
			dependencies = (
				232F88B526042B0F00D43366 /* PBXTargetDependency */,
			);
			name = WeatherGiftUITests;
			productName = WeatherGiftUITests;
			productReference = 232F88B326042B0F00D43366 /* WeatherGiftUITests.xctest */;
			productType = "com.apple.product-type.bundle.ui-testing";
		};
/* End PBXNativeTarget section */

/* Begin PBXProject section */
		232F888A26042B0E00D43366 /* Project object */ = {
			isa = PBXProject;
			attributes = {
				LastSwiftUpdateCheck = 1240;
				LastUpgradeCheck = 1240;
				TargetAttributes = {
					232F889126042B0E00D43366 = {
						CreatedOnToolsVersion = 12.4;
					};
					232F88A726042B0F00D43366 = {
						CreatedOnToolsVersion = 12.4;
						TestTargetID = 232F889126042B0E00D43366;
					};
					232F88B226042B0F00D43366 = {
						CreatedOnToolsVersion = 12.4;
						TestTargetID = 232F889126042B0E00D43366;
					};
				};
			};
			buildConfigurationList = 232F888D26042B0E00D43366 /* Build configuration list for PBXProject "WeatherGift" */;
			compatibilityVersion = "Xcode 9.3";
			developmentRegion = en;
			hasScannedForEncodings = 0;
			knownRegions = (
				en,
				Base,
			);
			mainGroup = 232F888926042B0E00D43366;
			productRefGroup = 232F889326042B0E00D43366 /* Products */;
			projectDirPath = "";
			projectRoot = "";
			targets = (
				232F889126042B0E00D43366 /* WeatherGift */,
				232F88A726042B0F00D43366 /* WeatherGiftTests */,
				232F88B226042B0F00D43366 /* WeatherGiftUITests */,
			);
		};
/* End PBXProject section */

/* Begin PBXResourcesBuildPhase section */
		232F889026042B0E00D43366 /* Resources */ = {
			isa = PBXResourcesBuildPhase;
			buildActionMask = 2147483647;
			files = (
				232F88A226042B0F00D43366 /* LaunchScreen.storyboard in Resources */,
				232F889F26042B0F00D43366 /* Assets.xcassets in Resources */,
				232F889D26042B0E00D43366 /* Main.storyboard in Resources */,
			);
			runOnlyForDeploymentPostprocessing = 0;
		};
		232F88A626042B0F00D43366 /* Resources */ = {
			isa = PBXResourcesBuildPhase;
			buildActionMask = 2147483647;
			files = (
			);
			runOnlyForDeploymentPostprocessing = 0;
		};
		232F88B126042B0F00D43366 /* Resources */ = {
			isa = PBXResourcesBuildPhase;
			buildActionMask = 2147483647;
			files = (
			);
			runOnlyForDeploymentPostprocessing = 0;
		};
/* End PBXResourcesBuildPhase section */

/* Begin PBXSourcesBuildPhase section */
		232F888E26042B0E00D43366 /* Sources */ = {
			isa = PBXSourcesBuildPhase;
			buildActionMask = 2147483647;
			files = (
				232F889A26042B0E00D43366 /* LocationListViewController.swift in Sources */,
				232F88C926042B2700D43366 /* WeatherLocation.swift in Sources */,
				232F889626042B0E00D43366 /* AppDelegate.swift in Sources */,
				232F889826042B0E00D43366 /* SceneDelegate.swift in Sources */,
			);
			runOnlyForDeploymentPostprocessing = 0;
		};
		232F88A426042B0F00D43366 /* Sources */ = {
			isa = PBXSourcesBuildPhase;
			buildActionMask = 2147483647;
			files = (
				232F88AD26042B0F00D43366 /* WeatherGiftTests.swift in Sources */,
			);
			runOnlyForDeploymentPostprocessing = 0;
		};
		232F88AF26042B0F00D43366 /* Sources */ = {
			isa = PBXSourcesBuildPhase;
			buildActionMask = 2147483647;
			files = (
				232F88B826042B0F00D43366 /* WeatherGiftUITests.swift in Sources */,
			);
			runOnlyForDeploymentPostprocessing = 0;
		};
/* End PBXSourcesBuildPhase section */

/* Begin PBXTargetDependency section */
		232F88AA26042B0F00D43366 /* PBXTargetDependency */ = {
			isa = PBXTargetDependency;
			target = 232F889126042B0E00D43366 /* WeatherGift */;
			targetProxy = 232F88A926042B0F00D43366 /* PBXContainerItemProxy */;
		};
		232F88B526042B0F00D43366 /* PBXTargetDependency */ = {
			isa = PBXTargetDependency;
			target = 232F889126042B0E00D43366 /* WeatherGift */;
			targetProxy = 232F88B426042B0F00D43366 /* PBXContainerItemProxy */;
		};
/* End PBXTargetDependency section */

/* Begin PBXVariantGroup section */
		232F889B26042B0E00D43366 /* Main.storyboard */ = {
			isa = PBXVariantGroup;
			children = (
				232F889C26042B0E00D43366 /* Base */,
			);
			name = Main.storyboard;
			sourceTree = "<group>";
		};
		232F88A026042B0F00D43366 /* LaunchScreen.storyboard */ = {
			isa = PBXVariantGroup;
			children = (
				232F88A126042B0F00D43366 /* Base */,
			);
			name = LaunchScreen.storyboard;
			sourceTree = "<group>";
		};
/* End PBXVariantGroup section */

/* Begin XCBuildConfiguration section */
		232F88BA26042B0F00D43366 /* Debug */ = {
			isa = XCBuildConfiguration;
			buildSettings = {
				ALWAYS_SEARCH_USER_PATHS = NO;
				CLANG_ANALYZER_NONNULL = YES;
				CLANG_ANALYZER_NUMBER_OBJECT_CONVERSION = YES_AGGRESSIVE;
				CLANG_CXX_LANGUAGE_STANDARD = "gnu++14";
				CLANG_CXX_LIBRARY = "libc++";
				CLANG_ENABLE_MODULES = YES;
				CLANG_ENABLE_OBJC_ARC = YES;
				CLANG_ENABLE_OBJC_WEAK = YES;
				CLANG_WARN_BLOCK_CAPTURE_AUTORELEASING = YES;
				CLANG_WARN_BOOL_CONVERSION = YES;
				CLANG_WARN_COMMA = YES;
				CLANG_WARN_CONSTANT_CONVERSION = YES;
				CLANG_WARN_DEPRECATED_OBJC_IMPLEMENTATIONS = YES;
				CLANG_WARN_DIRECT_OBJC_ISA_USAGE = YES_ERROR;
				CLANG_WARN_DOCUMENTATION_COMMENTS = YES;
				CLANG_WARN_EMPTY_BODY = YES;
				CLANG_WARN_ENUM_CONVERSION = YES;
				CLANG_WARN_INFINITE_RECURSION = YES;
				CLANG_WARN_INT_CONVERSION = YES;
				CLANG_WARN_NON_LITERAL_NULL_CONVERSION = YES;
				CLANG_WARN_OBJC_IMPLICIT_RETAIN_SELF = YES;
				CLANG_WARN_OBJC_LITERAL_CONVERSION = YES;
				CLANG_WARN_OBJC_ROOT_CLASS = YES_ERROR;
				CLANG_WARN_QUOTED_INCLUDE_IN_FRAMEWORK_HEADER = YES;
				CLANG_WARN_RANGE_LOOP_ANALYSIS = YES;
				CLANG_WARN_STRICT_PROTOTYPES = YES;
				CLANG_WARN_SUSPICIOUS_MOVE = YES;
				CLANG_WARN_UNGUARDED_AVAILABILITY = YES_AGGRESSIVE;
				CLANG_WARN_UNREACHABLE_CODE = YES;
				CLANG_WARN__DUPLICATE_METHOD_MATCH = YES;
				COPY_PHASE_STRIP = NO;
				DEBUG_INFORMATION_FORMAT = dwarf;
				ENABLE_STRICT_OBJC_MSGSEND = YES;
				ENABLE_TESTABILITY = YES;
				GCC_C_LANGUAGE_STANDARD = gnu11;
				GCC_DYNAMIC_NO_PIC = NO;
				GCC_NO_COMMON_BLOCKS = YES;
				GCC_OPTIMIZATION_LEVEL = 0;
				GCC_PREPROCESSOR_DEFINITIONS = (
					"DEBUG=1",
					"$(inherited)",
				);
				GCC_WARN_64_TO_32_BIT_CONVERSION = YES;
				GCC_WARN_ABOUT_RETURN_TYPE = YES_ERROR;
				GCC_WARN_UNDECLARED_SELECTOR = YES;
				GCC_WARN_UNINITIALIZED_AUTOS = YES_AGGRESSIVE;
				GCC_WARN_UNUSED_FUNCTION = YES;
				GCC_WARN_UNUSED_VARIABLE = YES;
				IPHONEOS_DEPLOYMENT_TARGET = 14.4;
				MTL_ENABLE_DEBUG_INFO = INCLUDE_SOURCE;
				MTL_FAST_MATH = YES;
				ONLY_ACTIVE_ARCH = YES;
				SDKROOT = iphoneos;
				SWIFT_ACTIVE_COMPILATION_CONDITIONS = DEBUG;
				SWIFT_OPTIMIZATION_LEVEL = "-Onone";
			};
			name = Debug;
		};
		232F88BB26042B0F00D43366 /* Release */ = {
			isa = XCBuildConfiguration;
			buildSettings = {
				ALWAYS_SEARCH_USER_PATHS = NO;
				CLANG_ANALYZER_NONNULL = YES;
				CLANG_ANALYZER_NUMBER_OBJECT_CONVERSION = YES_AGGRESSIVE;
				CLANG_CXX_LANGUAGE_STANDARD = "gnu++14";
				CLANG_CXX_LIBRARY = "libc++";
				CLANG_ENABLE_MODULES = YES;
				CLANG_ENABLE_OBJC_ARC = YES;
				CLANG_ENABLE_OBJC_WEAK = YES;
				CLANG_WARN_BLOCK_CAPTURE_AUTORELEASING = YES;
				CLANG_WARN_BOOL_CONVERSION = YES;
				CLANG_WARN_COMMA = YES;
				CLANG_WARN_CONSTANT_CONVERSION = YES;
				CLANG_WARN_DEPRECATED_OBJC_IMPLEMENTATIONS = YES;
				CLANG_WARN_DIRECT_OBJC_ISA_USAGE = YES_ERROR;
				CLANG_WARN_DOCUMENTATION_COMMENTS = YES;
				CLANG_WARN_EMPTY_BODY = YES;
				CLANG_WARN_ENUM_CONVERSION = YES;
				CLANG_WARN_INFINITE_RECURSION = YES;
				CLANG_WARN_INT_CONVERSION = YES;
				CLANG_WARN_NON_LITERAL_NULL_CONVERSION = YES;
				CLANG_WARN_OBJC_IMPLICIT_RETAIN_SELF = YES;
				CLANG_WARN_OBJC_LITERAL_CONVERSION = YES;
				CLANG_WARN_OBJC_ROOT_CLASS = YES_ERROR;
				CLANG_WARN_QUOTED_INCLUDE_IN_FRAMEWORK_HEADER = YES;
				CLANG_WARN_RANGE_LOOP_ANALYSIS = YES;
				CLANG_WARN_STRICT_PROTOTYPES = YES;
				CLANG_WARN_SUSPICIOUS_MOVE = YES;
				CLANG_WARN_UNGUARDED_AVAILABILITY = YES_AGGRESSIVE;
				CLANG_WARN_UNREACHABLE_CODE = YES;
				CLANG_WARN__DUPLICATE_METHOD_MATCH = YES;
				COPY_PHASE_STRIP = NO;
				DEBUG_INFORMATION_FORMAT = "dwarf-with-dsym";
				ENABLE_NS_ASSERTIONS = NO;
				ENABLE_STRICT_OBJC_MSGSEND = YES;
				GCC_C_LANGUAGE_STANDARD = gnu11;
				GCC_NO_COMMON_BLOCKS = YES;
				GCC_WARN_64_TO_32_BIT_CONVERSION = YES;
				GCC_WARN_ABOUT_RETURN_TYPE = YES_ERROR;
				GCC_WARN_UNDECLARED_SELECTOR = YES;
				GCC_WARN_UNINITIALIZED_AUTOS = YES_AGGRESSIVE;
				GCC_WARN_UNUSED_FUNCTION = YES;
				GCC_WARN_UNUSED_VARIABLE = YES;
				IPHONEOS_DEPLOYMENT_TARGET = 14.4;
				MTL_ENABLE_DEBUG_INFO = NO;
				MTL_FAST_MATH = YES;
				SDKROOT = iphoneos;
				SWIFT_COMPILATION_MODE = wholemodule;
				SWIFT_OPTIMIZATION_LEVEL = "-O";
				VALIDATE_PRODUCT = YES;
			};
			name = Release;
		};
		232F88BD26042B0F00D43366 /* Debug */ = {
			isa = XCBuildConfiguration;
			buildSettings = {
				ASSETCATALOG_COMPILER_APPICON_NAME = AppIcon;
				ASSETCATALOG_COMPILER_GLOBAL_ACCENT_COLOR_NAME = AccentColor;
				CODE_SIGN_STYLE = Automatic;
				DEVELOPMENT_TEAM = 8HWD5Y4SV3;
				INFOPLIST_FILE = WeatherGift/Info.plist;
				LD_RUNPATH_SEARCH_PATHS = (
					"$(inherited)",
					"@executable_path/Frameworks",
				);
				PRODUCT_BUNDLE_IDENTIFIER = "Jake-Wang.WeatherGift";
				PRODUCT_NAME = "$(TARGET_NAME)";
				SWIFT_VERSION = 5.0;
				TARGETED_DEVICE_FAMILY = "1,2";
			};
			name = Debug;
		};
		232F88BE26042B0F00D43366 /* Release */ = {
			isa = XCBuildConfiguration;
			buildSettings = {
				ASSETCATALOG_COMPILER_APPICON_NAME = AppIcon;
				ASSETCATALOG_COMPILER_GLOBAL_ACCENT_COLOR_NAME = AccentColor;
				CODE_SIGN_STYLE = Automatic;
				DEVELOPMENT_TEAM = 8HWD5Y4SV3;
				INFOPLIST_FILE = WeatherGift/Info.plist;
				LD_RUNPATH_SEARCH_PATHS = (
					"$(inherited)",
					"@executable_path/Frameworks",
				);
				PRODUCT_BUNDLE_IDENTIFIER = "Jake-Wang.WeatherGift";
				PRODUCT_NAME = "$(TARGET_NAME)";
				SWIFT_VERSION = 5.0;
				TARGETED_DEVICE_FAMILY = "1,2";
			};
			name = Release;
		};
		232F88C026042B0F00D43366 /* Debug */ = {
			isa = XCBuildConfiguration;
			buildSettings = {
				ALWAYS_EMBED_SWIFT_STANDARD_LIBRARIES = YES;
				BUNDLE_LOADER = "$(TEST_HOST)";
				CODE_SIGN_STYLE = Automatic;
				DEVELOPMENT_TEAM = 8HWD5Y4SV3;
				INFOPLIST_FILE = WeatherGiftTests/Info.plist;
				IPHONEOS_DEPLOYMENT_TARGET = 14.4;
				LD_RUNPATH_SEARCH_PATHS = (
					"$(inherited)",
					"@executable_path/Frameworks",
					"@loader_path/Frameworks",
				);
				PRODUCT_BUNDLE_IDENTIFIER = "Jake-Wang.WeatherGiftTests";
				PRODUCT_NAME = "$(TARGET_NAME)";
				SWIFT_VERSION = 5.0;
				TARGETED_DEVICE_FAMILY = "1,2";
				TEST_HOST = "$(BUILT_PRODUCTS_DIR)/WeatherGift.app/WeatherGift";
			};
			name = Debug;
		};
		232F88C126042B0F00D43366 /* Release */ = {
			isa = XCBuildConfiguration;
			buildSettings = {
				ALWAYS_EMBED_SWIFT_STANDARD_LIBRARIES = YES;
				BUNDLE_LOADER = "$(TEST_HOST)";
				CODE_SIGN_STYLE = Automatic;
				DEVELOPMENT_TEAM = 8HWD5Y4SV3;
				INFOPLIST_FILE = WeatherGiftTests/Info.plist;
				IPHONEOS_DEPLOYMENT_TARGET = 14.4;
				LD_RUNPATH_SEARCH_PATHS = (
					"$(inherited)",
					"@executable_path/Frameworks",
					"@loader_path/Frameworks",
				);
				PRODUCT_BUNDLE_IDENTIFIER = "Jake-Wang.WeatherGiftTests";
				PRODUCT_NAME = "$(TARGET_NAME)";
				SWIFT_VERSION = 5.0;
				TARGETED_DEVICE_FAMILY = "1,2";
				TEST_HOST = "$(BUILT_PRODUCTS_DIR)/WeatherGift.app/WeatherGift";
			};
			name = Release;
		};
		232F88C326042B0F00D43366 /* Debug */ = {
			isa = XCBuildConfiguration;
			buildSettings = {
				ALWAYS_EMBED_SWIFT_STANDARD_LIBRARIES = YES;
				CODE_SIGN_STYLE = Automatic;
				DEVELOPMENT_TEAM = 8HWD5Y4SV3;
				INFOPLIST_FILE = WeatherGiftUITests/Info.plist;
				LD_RUNPATH_SEARCH_PATHS = (
					"$(inherited)",
					"@executable_path/Frameworks",
					"@loader_path/Frameworks",
				);
				PRODUCT_BUNDLE_IDENTIFIER = "Jake-Wang.WeatherGiftUITests";
				PRODUCT_NAME = "$(TARGET_NAME)";
				SWIFT_VERSION = 5.0;
				TARGETED_DEVICE_FAMILY = "1,2";
				TEST_TARGET_NAME = WeatherGift;
			};
			name = Debug;
		};
		232F88C426042B0F00D43366 /* Release */ = {
			isa = XCBuildConfiguration;
			buildSettings = {
				ALWAYS_EMBED_SWIFT_STANDARD_LIBRARIES = YES;
				CODE_SIGN_STYLE = Automatic;
				DEVELOPMENT_TEAM = 8HWD5Y4SV3;
				INFOPLIST_FILE = WeatherGiftUITests/Info.plist;
				LD_RUNPATH_SEARCH_PATHS = (
					"$(inherited)",
					"@executable_path/Frameworks",
					"@loader_path/Frameworks",
				);
				PRODUCT_BUNDLE_IDENTIFIER = "Jake-Wang.WeatherGiftUITests";
				PRODUCT_NAME = "$(TARGET_NAME)";
				SWIFT_VERSION = 5.0;
				TARGETED_DEVICE_FAMILY = "1,2";
				TEST_TARGET_NAME = WeatherGift;
			};
			name = Release;
		};
/* End XCBuildConfiguration section */

/* Begin XCConfigurationList section */
		232F888D26042B0E00D43366 /* Build configuration list for PBXProject "WeatherGift" */ = {
			isa = XCConfigurationList;
			buildConfigurations = (
				232F88BA26042B0F00D43366 /* Debug */,
				232F88BB26042B0F00D43366 /* Release */,
			);
			defaultConfigurationIsVisible = 0;
			defaultConfigurationName = Release;
		};
		232F88BC26042B0F00D43366 /* Build configuration list for PBXNativeTarget "WeatherGift" */ = {
			isa = XCConfigurationList;
			buildConfigurations = (
				232F88BD26042B0F00D43366 /* Debug */,
				232F88BE26042B0F00D43366 /* Release */,
			);
			defaultConfigurationIsVisible = 0;
			defaultConfigurationName = Release;
		};
		232F88BF26042B0F00D43366 /* Build configuration list for PBXNativeTarget "WeatherGiftTests" */ = {
			isa = XCConfigurationList;
			buildConfigurations = (
				232F88C026042B0F00D43366 /* Debug */,
				232F88C126042B0F00D43366 /* Release */,
			);
			defaultConfigurationIsVisible = 0;
			defaultConfigurationName = Release;
		};
		232F88C226042B0F00D43366 /* Build configuration list for PBXNativeTarget "WeatherGiftUITests" */ = {
			isa = XCConfigurationList;
			buildConfigurations = (
				232F88C326042B0F00D43366 /* Debug */,
				232F88C426042B0F00D43366 /* Release */,
			);
			defaultConfigurationIsVisible = 0;
			defaultConfigurationName = Release;
		};
/* End XCConfigurationList section */
	};
	rootObject = 232F888A26042B0E00D43366 /* Project object */;
}
